// !$*UTF8*$!
{
	archiveVersion = 1;
	classes = {
	};
	objectVersion = 56;
	objects = {

/* Begin PBXBuildFile section */
		F0A24B3A2951EBD900AD98E4 /* AppDelegate.swift in Sources */ = {isa = PBXBuildFile; fileRef = F0A24B392951EBD900AD98E4 /* AppDelegate.swift */; };
		F0A24B3C2951EBD900AD98E4 /* SceneDelegate.swift in Sources */ = {isa = PBXBuildFile; fileRef = F0A24B3B2951EBD900AD98E4 /* SceneDelegate.swift */; };
		F0A24B3E2951EBD900AD98E4 /* MoviesViewController.swift in Sources */ = {isa = PBXBuildFile; fileRef = F0A24B3D2951EBD900AD98E4 /* MoviesViewController.swift */; };
		F0A24B432951EBDC00AD98E4 /* Assets.xcassets in Resources */ = {isa = PBXBuildFile; fileRef = F0A24B422951EBDC00AD98E4 /* Assets.xcassets */; };
		F0A24B462951EBDC00AD98E4 /* LaunchScreen.storyboard in Resources */ = {isa = PBXBuildFile; fileRef = F0A24B442951EBDC00AD98E4 /* LaunchScreen.storyboard */; };
		F0A24B4F2951EC2500AD98E4 /* Alamofire in Frameworks */ = {isa = PBXBuildFile; productRef = F0A24B4E2951EC2500AD98E4 /* Alamofire */; };
		F0A24B512951EC9500AD98E4 /* Movie.swift in Sources */ = {isa = PBXBuildFile; fileRef = F0A24B502951EC9500AD98E4 /* Movie.swift */; };
		F0A24B532951ED5E00AD98E4 /* MovieResponse.swift in Sources */ = {isa = PBXBuildFile; fileRef = F0A24B522951ED5E00AD98E4 /* MovieResponse.swift */; };
		F0E932C029702CBC007D3DC6 /* Interactor.swift in Sources */ = {isa = PBXBuildFile; fileRef = F0E932BF29702CBC007D3DC6 /* Interactor.swift */; };
		F0E932C229702CD0007D3DC6 /* Presenter.swift in Sources */ = {isa = PBXBuildFile; fileRef = F0E932C129702CD0007D3DC6 /* Presenter.swift */; };
		F0E932C429702CE4007D3DC6 /* Entity.swift in Sources */ = {isa = PBXBuildFile; fileRef = F0E932C329702CE4007D3DC6 /* Entity.swift */; };
		F0E932C629702CF3007D3DC6 /* Router.swift in Sources */ = {isa = PBXBuildFile; fileRef = F0E932C529702CF3007D3DC6 /* Router.swift */; };
		F0E932C929702D26007D3DC6 /* Protocols.swift in Sources */ = {isa = PBXBuildFile; fileRef = F0E932C829702D26007D3DC6 /* Protocols.swift */; };
/* End PBXBuildFile section */

/* Begin PBXFileReference section */
		F0A24B362951EBD900AD98E4 /* MovieVIPERPattern.app */ = {isa = PBXFileReference; explicitFileType = wrapper.application; includeInIndex = 0; path = MovieVIPERPattern.app; sourceTree = BUILT_PRODUCTS_DIR; };
		F0A24B392951EBD900AD98E4 /* AppDelegate.swift */ = {isa = PBXFileReference; lastKnownFileType = sourcecode.swift; path = AppDelegate.swift; sourceTree = "<group>"; };
		F0A24B3B2951EBD900AD98E4 /* SceneDelegate.swift */ = {isa = PBXFileReference; lastKnownFileType = sourcecode.swift; path = SceneDelegate.swift; sourceTree = "<group>"; };
		F0A24B3D2951EBD900AD98E4 /* MoviesViewController.swift */ = {isa = PBXFileReference; lastKnownFileType = sourcecode.swift; path = MoviesViewController.swift; sourceTree = "<group>"; };
		F0A24B422951EBDC00AD98E4 /* Assets.xcassets */ = {isa = PBXFileReference; lastKnownFileType = folder.assetcatalog; path = Assets.xcassets; sourceTree = "<group>"; };
		F0A24B452951EBDC00AD98E4 /* Base */ = {isa = PBXFileReference; lastKnownFileType = file.storyboard; name = Base; path = Base.lproj/LaunchScreen.storyboard; sourceTree = "<group>"; };
		F0A24B472951EBDC00AD98E4 /* Info.plist */ = {isa = PBXFileReference; lastKnownFileType = text.plist.xml; path = Info.plist; sourceTree = "<group>"; };
		F0A24B502951EC9500AD98E4 /* Movie.swift */ = {isa = PBXFileReference; lastKnownFileType = sourcecode.swift; path = Movie.swift; sourceTree = "<group>"; };
		F0A24B522951ED5E00AD98E4 /* MovieResponse.swift */ = {isa = PBXFileReference; lastKnownFileType = sourcecode.swift; path = MovieResponse.swift; sourceTree = "<group>"; };
		F0E932BF29702CBC007D3DC6 /* Interactor.swift */ = {isa = PBXFileReference; lastKnownFileType = sourcecode.swift; path = Interactor.swift; sourceTree = "<group>"; };
		F0E932C129702CD0007D3DC6 /* Presenter.swift */ = {isa = PBXFileReference; lastKnownFileType = sourcecode.swift; path = Presenter.swift; sourceTree = "<group>"; };
		F0E932C329702CE4007D3DC6 /* Entity.swift */ = {isa = PBXFileReference; lastKnownFileType = sourcecode.swift; path = Entity.swift; sourceTree = "<group>"; };
		F0E932C529702CF3007D3DC6 /* Router.swift */ = {isa = PBXFileReference; lastKnownFileType = sourcecode.swift; path = Router.swift; sourceTree = "<group>"; };
		F0E932C829702D26007D3DC6 /* Protocols.swift */ = {isa = PBXFileReference; lastKnownFileType = sourcecode.swift; path = Protocols.swift; sourceTree = "<group>"; };
/* End PBXFileReference section */

/* Begin PBXFrameworksBuildPhase section */
		F0A24B332951EBD900AD98E4 /* Frameworks */ = {
			isa = PBXFrameworksBuildPhase;
			buildActionMask = 2147483647;
			files = (
				F0A24B4F2951EC2500AD98E4 /* Alamofire in Frameworks */,
			);
			runOnlyForDeploymentPostprocessing = 0;
		};
/* End PBXFrameworksBuildPhase section */

/* Begin PBXGroup section */
		F0A24B2D2951EBD900AD98E4 = {
			isa = PBXGroup;
			children = (
				F0A24B382951EBD900AD98E4 /* MovieVIPERPattern */,
				F0A24B372951EBD900AD98E4 /* Products */,
			);
			sourceTree = "<group>";
		};
		F0A24B372951EBD900AD98E4 /* Products */ = {
			isa = PBXGroup;
			children = (
				F0A24B362951EBD900AD98E4 /* MovieVIPERPattern.app */,
			);
			name = Products;
			sourceTree = "<group>";
		};
		F0A24B382951EBD900AD98E4 /* MovieVIPERPattern */ = {
			isa = PBXGroup;
			children = (
				F0E932CA2970C5B3007D3DC6 /* HomePageModule */,
				F0A24B392951EBD900AD98E4 /* AppDelegate.swift */,
				F0A24B3B2951EBD900AD98E4 /* SceneDelegate.swift */,
				F0A24B422951EBDC00AD98E4 /* Assets.xcassets */,
				F0A24B442951EBDC00AD98E4 /* LaunchScreen.storyboard */,
				F0A24B472951EBDC00AD98E4 /* Info.plist */,
			);
			path = MovieVIPERPattern;
			sourceTree = "<group>";
		};
		F0E932B929702C39007D3DC6 /* View */ = {
			isa = PBXGroup;
			children = (
				F0A24B3D2951EBD900AD98E4 /* MoviesViewController.swift */,
			);
			path = View;
			sourceTree = "<group>";
		};
		F0E932BA29702C4B007D3DC6 /* Interactor */ = {
			isa = PBXGroup;
			children = (
				F0E932BF29702CBC007D3DC6 /* Interactor.swift */,
			);
			path = Interactor;
			sourceTree = "<group>";
		};
		F0E932BC29702C5A007D3DC6 /* Presenter */ = {
			isa = PBXGroup;
			children = (
				F0E932C129702CD0007D3DC6 /* Presenter.swift */,
			);
			path = Presenter;
			sourceTree = "<group>";
		};
		F0E932BD29702C9C007D3DC6 /* Entity */ = {
			isa = PBXGroup;
			children = (
				F0A24B522951ED5E00AD98E4 /* MovieResponse.swift */,
				F0A24B502951EC9500AD98E4 /* Movie.swift */,
				F0E932C329702CE4007D3DC6 /* Entity.swift */,
			);
			path = Entity;
			sourceTree = "<group>";
		};
		F0E932BE29702CA5007D3DC6 /* Router */ = {
			isa = PBXGroup;
			children = (
				F0E932C529702CF3007D3DC6 /* Router.swift */,
			);
			path = Router;
			sourceTree = "<group>";
		};
		F0E932C729702D00007D3DC6 /* Protocols */ = {
			isa = PBXGroup;
			children = (
				F0E932C829702D26007D3DC6 /* Protocols.swift */,
			);
			path = Protocols;
			sourceTree = "<group>";
		};
		F0E932CA2970C5B3007D3DC6 /* HomePageModule */ = {
			isa = PBXGroup;
			children = (
				F0E932C729702D00007D3DC6 /* Protocols */,
				F0E932BE29702CA5007D3DC6 /* Router */,
				F0E932BD29702C9C007D3DC6 /* Entity */,
				F0E932BC29702C5A007D3DC6 /* Presenter */,
				F0E932BA29702C4B007D3DC6 /* Interactor */,
				F0E932B929702C39007D3DC6 /* View */,
			);
			path = HomePageModule;
			sourceTree = "<group>";
		};
/* End PBXGroup section */

/* Begin PBXNativeTarget section */
		F0A24B352951EBD900AD98E4 /* MovieVIPERPattern */ = {
			isa = PBXNativeTarget;
			buildConfigurationList = F0A24B4A2951EBDC00AD98E4 /* Build configuration list for PBXNativeTarget "MovieVIPERPattern" */;
			buildPhases = (
				F0A24B322951EBD900AD98E4 /* Sources */,
				F0A24B332951EBD900AD98E4 /* Frameworks */,
				F0A24B342951EBD900AD98E4 /* Resources */,
			);
			buildRules = (
			);
			dependencies = (
			);
			name = MovieVIPERPattern;
			packageProductDependencies = (
				F0A24B4E2951EC2500AD98E4 /* Alamofire */,
			);
			productName = MovieVIPERPattern;
			productReference = F0A24B362951EBD900AD98E4 /* MovieVIPERPattern.app */;
			productType = "com.apple.product-type.application";
		};
/* End PBXNativeTarget section */

/* Begin PBXProject section */
		F0A24B2E2951EBD900AD98E4 /* Project object */ = {
			isa = PBXProject;
			attributes = {
				BuildIndependentTargetsInParallel = 1;
				LastSwiftUpdateCheck = 1400;
				LastUpgradeCheck = 1400;
				TargetAttributes = {
					F0A24B352951EBD900AD98E4 = {
						CreatedOnToolsVersion = 14.0;
					};
				};
			};
			buildConfigurationList = F0A24B312951EBD900AD98E4 /* Build configuration list for PBXProject "MovieVIPERPattern" */;
			compatibilityVersion = "Xcode 14.0";
			developmentRegion = en;
			hasScannedForEncodings = 0;
			knownRegions = (
				en,
				Base,
			);
			mainGroup = F0A24B2D2951EBD900AD98E4;
			packageReferences = (
				F0A24B4D2951EC2500AD98E4 /* XCRemoteSwiftPackageReference "Alamofire" */,
			);
			productRefGroup = F0A24B372951EBD900AD98E4 /* Products */;
			projectDirPath = "";
			projectRoot = "";
			targets = (
				F0A24B352951EBD900AD98E4 /* MovieVIPERPattern */,
			);
		};
/* End PBXProject section */

/* Begin PBXResourcesBuildPhase section */
		F0A24B342951EBD900AD98E4 /* Resources */ = {
			isa = PBXResourcesBuildPhase;
			buildActionMask = 2147483647;
			files = (
				F0A24B462951EBDC00AD98E4 /* LaunchScreen.storyboard in Resources */,
				F0A24B432951EBDC00AD98E4 /* Assets.xcassets in Resources */,
			);
			runOnlyForDeploymentPostprocessing = 0;
		};
/* End PBXResourcesBuildPhase section */

/* Begin PBXSourcesBuildPhase section */
		F0A24B322951EBD900AD98E4 /* Sources */ = {
			isa = PBXSourcesBuildPhase;
			buildActionMask = 2147483647;
			files = (
				F0E932C029702CBC007D3DC6 /* Interactor.swift in Sources */,
				F0E932C229702CD0007D3DC6 /* Presenter.swift in Sources */,
				F0A24B3E2951EBD900AD98E4 /* MoviesViewController.swift in Sources */,
				F0A24B532951ED5E00AD98E4 /* MovieResponse.swift in Sources */,
				F0E932C629702CF3007D3DC6 /* Router.swift in Sources */,
				F0E932C929702D26007D3DC6 /* Protocols.swift in Sources */,
				F0E932C429702CE4007D3DC6 /* Entity.swift in Sources */,
				F0A24B3A2951EBD900AD98E4 /* AppDelegate.swift in Sources */,
				F0A24B512951EC9500AD98E4 /* Movie.swift in Sources */,
				F0A24B3C2951EBD900AD98E4 /* SceneDelegate.swift in Sources */,
			);
			runOnlyForDeploymentPostprocessing = 0;
		};
/* End PBXSourcesBuildPhase section */

/* Begin PBXVariantGroup section */
		F0A24B442951EBDC00AD98E4 /* LaunchScreen.storyboard */ = {
			isa = PBXVariantGroup;
			children = (
				F0A24B452951EBDC00AD98E4 /* Base */,
			);
			name = LaunchScreen.storyboard;
			sourceTree = "<group>";
		};
/* End PBXVariantGroup section */

/* Begin XCBuildConfiguration section */
		F0A24B482951EBDC00AD98E4 /* Debug */ = {
			isa = XCBuildConfiguration;
			buildSettings = {
				ALWAYS_SEARCH_USER_PATHS = NO;
				CLANG_ANALYZER_NONNULL = YES;
				CLANG_ANALYZER_NUMBER_OBJECT_CONVERSION = YES_AGGRESSIVE;
				CLANG_CXX_LANGUAGE_STANDARD = "gnu++20";
				CLANG_ENABLE_MODULES = YES;
				CLANG_ENABLE_OBJC_ARC = YES;
				CLANG_ENABLE_OBJC_WEAK = YES;
				CLANG_WARN_BLOCK_CAPTURE_AUTORELEASING = YES;
				CLANG_WARN_BOOL_CONVERSION = YES;
				CLANG_WARN_COMMA = YES;
				CLANG_WARN_CONSTANT_CONVERSION = YES;
				CLANG_WARN_DEPRECATED_OBJC_IMPLEMENTATIONS = YES;
				CLANG_WARN_DIRECT_OBJC_ISA_USAGE = YES_ERROR;
				CLANG_WARN_DOCUMENTATION_COMMENTS = YES;
				CLANG_WARN_EMPTY_BODY = YES;
				CLANG_WARN_ENUM_CONVERSION = YES;
				CLANG_WARN_INFINITE_RECURSION = YES;
				CLANG_WARN_INT_CONVERSION = YES;
				CLANG_WARN_NON_LITERAL_NULL_CONVERSION = YES;
				CLANG_WARN_OBJC_IMPLICIT_RETAIN_SELF = YES;
				CLANG_WARN_OBJC_LITERAL_CONVERSION = YES;
				CLANG_WARN_OBJC_ROOT_CLASS = YES_ERROR;
				CLANG_WARN_QUOTED_INCLUDE_IN_FRAMEWORK_HEADER = YES;
				CLANG_WARN_RANGE_LOOP_ANALYSIS = YES;
				CLANG_WARN_STRICT_PROTOTYPES = YES;
				CLANG_WARN_SUSPICIOUS_MOVE = YES;
				CLANG_WARN_UNGUARDED_AVAILABILITY = YES_AGGRESSIVE;
				CLANG_WARN_UNREACHABLE_CODE = YES;
				CLANG_WARN__DUPLICATE_METHOD_MATCH = YES;
				COPY_PHASE_STRIP = NO;
				DEBUG_INFORMATION_FORMAT = dwarf;
				ENABLE_STRICT_OBJC_MSGSEND = YES;
				ENABLE_TESTABILITY = YES;
				GCC_C_LANGUAGE_STANDARD = gnu11;
				GCC_DYNAMIC_NO_PIC = NO;
				GCC_NO_COMMON_BLOCKS = YES;
				GCC_OPTIMIZATION_LEVEL = 0;
				GCC_PREPROCESSOR_DEFINITIONS = (
					"DEBUG=1",
					"$(inherited)",
				);
				GCC_WARN_64_TO_32_BIT_CONVERSION = YES;
				GCC_WARN_ABOUT_RETURN_TYPE = YES_ERROR;
				GCC_WARN_UNDECLARED_SELECTOR = YES;
				GCC_WARN_UNINITIALIZED_AUTOS = YES_AGGRESSIVE;
				GCC_WARN_UNUSED_FUNCTION = YES;
				GCC_WARN_UNUSED_VARIABLE = YES;
				IPHONEOS_DEPLOYMENT_TARGET = 16.0;
				MTL_ENABLE_DEBUG_INFO = INCLUDE_SOURCE;
				MTL_FAST_MATH = YES;
				ONLY_ACTIVE_ARCH = YES;
				SDKROOT = iphoneos;
				SWIFT_ACTIVE_COMPILATION_CONDITIONS = DEBUG;
				SWIFT_OPTIMIZATION_LEVEL = "-Onone";
			};
			name = Debug;
		};
		F0A24B492951EBDC00AD98E4 /* Release */ = {
			isa = XCBuildConfiguration;
			buildSettings = {
				ALWAYS_SEARCH_USER_PATHS = NO;
				CLANG_ANALYZER_NONNULL = YES;
				CLANG_ANALYZER_NUMBER_OBJECT_CONVERSION = YES_AGGRESSIVE;
				CLANG_CXX_LANGUAGE_STANDARD = "gnu++20";
				CLANG_ENABLE_MODULES = YES;
				CLANG_ENABLE_OBJC_ARC = YES;
				CLANG_ENABLE_OBJC_WEAK = YES;
				CLANG_WARN_BLOCK_CAPTURE_AUTORELEASING = YES;
				CLANG_WARN_BOOL_CONVERSION = YES;
				CLANG_WARN_COMMA = YES;
				CLANG_WARN_CONSTANT_CONVERSION = YES;
				CLANG_WARN_DEPRECATED_OBJC_IMPLEMENTATIONS = YES;
				CLANG_WARN_DIRECT_OBJC_ISA_USAGE = YES_ERROR;
				CLANG_WARN_DOCUMENTATION_COMMENTS = YES;
				CLANG_WARN_EMPTY_BODY = YES;
				CLANG_WARN_ENUM_CONVERSION = YES;
				CLANG_WARN_INFINITE_RECURSION = YES;
				CLANG_WARN_INT_CONVERSION = YES;
				CLANG_WARN_NON_LITERAL_NULL_CONVERSION = YES;
				CLANG_WARN_OBJC_IMPLICIT_RETAIN_SELF = YES;
				CLANG_WARN_OBJC_LITERAL_CONVERSION = YES;
				CLANG_WARN_OBJC_ROOT_CLASS = YES_ERROR;
				CLANG_WARN_QUOTED_INCLUDE_IN_FRAMEWORK_HEADER = YES;
				CLANG_WARN_RANGE_LOOP_ANALYSIS = YES;
				CLANG_WARN_STRICT_PROTOTYPES = YES;
				CLANG_WARN_SUSPICIOUS_MOVE = YES;
				CLANG_WARN_UNGUARDED_AVAILABILITY = YES_AGGRESSIVE;
				CLANG_WARN_UNREACHABLE_CODE = YES;
				CLANG_WARN__DUPLICATE_METHOD_MATCH = YES;
				COPY_PHASE_STRIP = NO;
				DEBUG_INFORMATION_FORMAT = "dwarf-with-dsym";
				ENABLE_NS_ASSERTIONS = NO;
				ENABLE_STRICT_OBJC_MSGSEND = YES;
				GCC_C_LANGUAGE_STANDARD = gnu11;
				GCC_NO_COMMON_BLOCKS = YES;
				GCC_WARN_64_TO_32_BIT_CONVERSION = YES;
				GCC_WARN_ABOUT_RETURN_TYPE = YES_ERROR;
				GCC_WARN_UNDECLARED_SELECTOR = YES;
				GCC_WARN_UNINITIALIZED_AUTOS = YES_AGGRESSIVE;
				GCC_WARN_UNUSED_FUNCTION = YES;
				GCC_WARN_UNUSED_VARIABLE = YES;
				IPHONEOS_DEPLOYMENT_TARGET = 16.0;
				MTL_ENABLE_DEBUG_INFO = NO;
				MTL_FAST_MATH = YES;
				SDKROOT = iphoneos;
				SWIFT_COMPILATION_MODE = wholemodule;
				SWIFT_OPTIMIZATION_LEVEL = "-O";
				VALIDATE_PRODUCT = YES;
			};
			name = Release;
		};
		F0A24B4B2951EBDC00AD98E4 /* Debug */ = {
			isa = XCBuildConfiguration;
			buildSettings = {
				ASSETCATALOG_COMPILER_APPICON_NAME = AppIcon;
				ASSETCATALOG_COMPILER_GLOBAL_ACCENT_COLOR_NAME = AccentColor;
				CODE_SIGN_STYLE = Automatic;
				CURRENT_PROJECT_VERSION = 1;
				DEVELOPMENT_TEAM = H5U3VZFY2A;
				GENERATE_INFOPLIST_FILE = YES;
				INFOPLIST_FILE = MovieVIPERPattern/Info.plist;
				INFOPLIST_KEY_UIApplicationSupportsIndirectInputEvents = YES;
				INFOPLIST_KEY_UILaunchStoryboardName = LaunchScreen;
				INFOPLIST_KEY_UISupportedInterfaceOrientations_iPad = "UIInterfaceOrientationPortrait UIInterfaceOrientationPortraitUpsideDown UIInterfaceOrientationLandscapeLeft UIInterfaceOrientationLandscapeRight";
				INFOPLIST_KEY_UISupportedInterfaceOrientations_iPhone = "UIInterfaceOrientationPortrait UIInterfaceOrientationLandscapeLeft UIInterfaceOrientationLandscapeRight";
				LD_RUNPATH_SEARCH_PATHS = (
					"$(inherited)",
					"@executable_path/Frameworks",
				);
				MARKETING_VERSION = 1.0;
				PRODUCT_BUNDLE_IDENTIFIER = com.cihanios.MovieVIPERPattern;
				PRODUCT_NAME = "$(TARGET_NAME)";
				SWIFT_EMIT_LOC_STRINGS = YES;
				SWIFT_VERSION = 5.0;
				TARGETED_DEVICE_FAMILY = "1,2";
			};
			name = Debug;
		};
		F0A24B4C2951EBDC00AD98E4 /* Release */ = {
			isa = XCBuildConfiguration;
			buildSettings = {
				ASSETCATALOG_COMPILER_APPICON_NAME = AppIcon;
				ASSETCATALOG_COMPILER_GLOBAL_ACCENT_COLOR_NAME = AccentColor;
				CODE_SIGN_STYLE = Automatic;
				CURRENT_PROJECT_VERSION = 1;
				DEVELOPMENT_TEAM = H5U3VZFY2A;
				GENERATE_INFOPLIST_FILE = YES;
				INFOPLIST_FILE = MovieVIPERPattern/Info.plist;
				INFOPLIST_KEY_UIApplicationSupportsIndirectInputEvents = YES;
				INFOPLIST_KEY_UILaunchStoryboardName = LaunchScreen;
				INFOPLIST_KEY_UISupportedInterfaceOrientations_iPad = "UIInterfaceOrientationPortrait UIInterfaceOrientationPortraitUpsideDown UIInterfaceOrientationLandscapeLeft UIInterfaceOrientationLandscapeRight";
				INFOPLIST_KEY_UISupportedInterfaceOrientations_iPhone = "UIInterfaceOrientationPortrait UIInterfaceOrientationLandscapeLeft UIInterfaceOrientationLandscapeRight";
				LD_RUNPATH_SEARCH_PATHS = (
					"$(inherited)",
					"@executable_path/Frameworks",
				);
				MARKETING_VERSION = 1.0;
				PRODUCT_BUNDLE_IDENTIFIER = com.cihanios.MovieVIPERPattern;
				PRODUCT_NAME = "$(TARGET_NAME)";
				SWIFT_EMIT_LOC_STRINGS = YES;
				SWIFT_VERSION = 5.0;
				TARGETED_DEVICE_FAMILY = "1,2";
			};
			name = Release;
		};
/* End XCBuildConfiguration section */

/* Begin XCConfigurationList section */
		F0A24B312951EBD900AD98E4 /* Build configuration list for PBXProject "MovieVIPERPattern" */ = {
			isa = XCConfigurationList;
			buildConfigurations = (
				F0A24B482951EBDC00AD98E4 /* Debug */,
				F0A24B492951EBDC00AD98E4 /* Release */,
			);
			defaultConfigurationIsVisible = 0;
			defaultConfigurationName = Release;
		};
		F0A24B4A2951EBDC00AD98E4 /* Build configuration list for PBXNativeTarget "MovieVIPERPattern" */ = {
			isa = XCConfigurationList;
			buildConfigurations = (
				F0A24B4B2951EBDC00AD98E4 /* Debug */,
				F0A24B4C2951EBDC00AD98E4 /* Release */,
			);
			defaultConfigurationIsVisible = 0;
			defaultConfigurationName = Release;
		};
/* End XCConfigurationList section */

/* Begin XCRemoteSwiftPackageReference section */
		F0A24B4D2951EC2500AD98E4 /* XCRemoteSwiftPackageReference "Alamofire" */ = {
			isa = XCRemoteSwiftPackageReference;
			repositoryURL = "https://github.com/Alamofire/Alamofire.git";
			requirement = {
				branch = master;
				kind = branch;
			};
		};
/* End XCRemoteSwiftPackageReference section */

/* Begin XCSwiftPackageProductDependency section */
		F0A24B4E2951EC2500AD98E4 /* Alamofire */ = {
			isa = XCSwiftPackageProductDependency;
			package = F0A24B4D2951EC2500AD98E4 /* XCRemoteSwiftPackageReference "Alamofire" */;
			productName = Alamofire;
		};
/* End XCSwiftPackageProductDependency section */
	};
	rootObject = F0A24B2E2951EBD900AD98E4 /* Project object */;
}
